
Microsoft Visual Studio Solution File, Format Version 12.00
# Visual Studio Version 17
VisualStudioVersion = 17.14.36301.6 d17.14
MinimumVisualStudioVersion = 10.0.40219.1
Project("{FAE04EC0-301F-11D3-BF4B-00C04F79EFBC}") = "LuxuryPropertiesUsa.API", "LuxuryPropertiesUsa.API\LuxuryPropertiesUsa.API.csproj", "{CB1EB39D-C3C0-437F-8E95-EB31E150006E}"
EndProject
Project("{FAE04EC0-301F-11D3-BF4B-00C04F79EFBC}") = "LuxuryPropertiesUsa.Domain", "LuxuryPropertiesUsa.Domain\LuxuryPropertiesUsa.Domain.csproj", "{B494B013-EDE3-4FBC-B1E7-11A560FCB04D}"
EndProject
Project("{FAE04EC0-301F-11D3-BF4B-00C04F79EFBC}") = "LuxuryPropertiesUsa.Application", "LuxuryPropertiesUsa.Application\LuxuryPropertiesUsa.Application.csproj", "{32E08FA6-E3A5-45D4-9755-7F93E96CE5CD}"
EndProject
Project("{FAE04EC0-301F-11D3-BF4B-00C04F79EFBC}") = "LuxuryPropertiesUsa.Infrastructure", "LuxuryPropertiesUsa.Infrastructure\LuxuryPropertiesUsa.Infrastructure.csproj", "{2B6C856E-9D19-48D3-A1CD-41742A924687}"
EndProject
Global
	GlobalSection(SolutionConfigurationPlatforms) = preSolution
		Debug|Any CPU = Debug|Any CPU
		Release|Any CPU = Release|Any CPU
	EndGlobalSection
	GlobalSection(ProjectConfigurationPlatforms) = postSolution
		{CB1EB39D-C3C0-437F-8E95-EB31E150006E}.Debug|Any CPU.ActiveCfg = Debug|Any CPU
		{CB1EB39D-C3C0-437F-8E95-EB31E150006E}.Debug|Any CPU.Build.0 = Debug|Any CPU
		{CB1EB39D-C3C0-437F-8E95-EB31E150006E}.Release|Any CPU.ActiveCfg = Release|Any CPU
		{CB1EB39D-C3C0-437F-8E95-EB31E150006E}.Release|Any CPU.Build.0 = Release|Any CPU
		{B494B013-EDE3-4FBC-B1E7-11A560FCB04D}.Debug|Any CPU.ActiveCfg = Debug|Any CPU
		{B494B013-EDE3-4FBC-B1E7-11A560FCB04D}.Debug|Any CPU.Build.0 = Debug|Any CPU
		{B494B013-EDE3-4FBC-B1E7-11A560FCB04D}.Release|Any CPU.ActiveCfg = Release|Any CPU
		{B494B013-EDE3-4FBC-B1E7-11A560FCB04D}.Release|Any CPU.Build.0 = Release|Any CPU
		{32E08FA6-E3A5-45D4-9755-7F93E96CE5CD}.Debug|Any CPU.ActiveCfg = Debug|Any CPU
		{32E08FA6-E3A5-45D4-9755-7F93E96CE5CD}.Debug|Any CPU.Build.0 = Debug|Any CPU
		{32E08FA6-E3A5-45D4-9755-7F93E96CE5CD}.Release|Any CPU.ActiveCfg = Release|Any CPU
		{32E08FA6-E3A5-45D4-9755-7F93E96CE5CD}.Release|Any CPU.Build.0 = Release|Any CPU
		{2B6C856E-9D19-48D3-A1CD-41742A924687}.Debug|Any CPU.ActiveCfg = Debug|Any CPU
		{2B6C856E-9D19-48D3-A1CD-41742A924687}.Debug|Any CPU.Build.0 = Debug|Any CPU
		{2B6C856E-9D19-48D3-A1CD-41742A924687}.Release|Any CPU.ActiveCfg = Release|Any CPU
		{2B6C856E-9D19-48D3-A1CD-41742A924687}.Release|Any CPU.Build.0 = Release|Any CPU
	EndGlobalSection
	GlobalSection(SolutionProperties) = preSolution
		HideSolutionNode = FALSE
	EndGlobalSection
	GlobalSection(ExtensibilityGlobals) = postSolution
		SolutionGuid = {06E4962B-6961-43C2-8A6A-68E962A18831}
	EndGlobalSection
EndGlobal
